
Microsoft Visual Studio Solution File, Format Version 12.00
# Visual Studio 15
VisualStudioVersion = 15.0.27004.2002
MinimumVisualStudioVersion = 10.0.40219.1
Project("{FAE04EC0-301F-11D3-BF4B-00C04F79EFBC}") = "hw01", "hw01\hw01.csproj", "{2DABA4D2-9599-451E-B377-D471B6542CB5}"
EndProject
Project("{FAE04EC0-301F-11D3-BF4B-00C04F79EFBC}") = "ClassLibrary1", "ClassLibrary1\ClassLibrary1.csproj", "{39C07CE9-F47A-411D-AF56-077291A78E85}"
EndProject
Global
	GlobalSection(SolutionConfigurationPlatforms) = preSolution
		Debug|Any CPU = Debug|Any CPU
		Release|Any CPU = Release|Any CPU
	EndGlobalSection
	GlobalSection(ProjectConfigurationPlatforms) = postSolution
		{2DABA4D2-9599-451E-B377-D471B6542CB5}.Debug|Any CPU.ActiveCfg = Debug|Any CPU
		{2DABA4D2-9599-451E-B377-D471B6542CB5}.Debug|Any CPU.Build.0 = Debug|Any CPU
		{2DABA4D2-9599-451E-B377-D471B6542CB5}.Release|Any CPU.ActiveCfg = Release|Any CPU
		{2DABA4D2-9599-451E-B377-D471B6542CB5}.Release|Any CPU.Build.0 = Release|Any CPU
		{39C07CE9-F47A-411D-AF56-077291A78E85}.Debug|Any CPU.ActiveCfg = Debug|Any CPU
		{39C07CE9-F47A-411D-AF56-077291A78E85}.Debug|Any CPU.Build.0 = Debug|Any CPU
		{39C07CE9-F47A-411D-AF56-077291A78E85}.Release|Any CPU.ActiveCfg = Release|Any CPU
		{39C07CE9-F47A-411D-AF56-077291A78E85}.Release|Any CPU.Build.0 = Release|Any CPU
	EndGlobalSection
	GlobalSection(SolutionProperties) = preSolution
		HideSolutionNode = FALSE
	EndGlobalSection
	GlobalSection(ExtensibilityGlobals) = postSolution
		SolutionGuid = {921E95A0-4B17-41C5-95A9-43C4403358BC}
	EndGlobalSection
EndGlobal
